{
  "object": {
    "pins": [
      {
        "package": "MapplsAPICore",
        "repositoryURL": "https://github.com/mappls-api/mappls-api-core-ios-distribution.git",
        "state": {
          "branch": null,
          "revision": "c5a836cffd0e80c1dfbbf34ad1a448350d6803e6",
          "version": "2.0.0"
        }
      }
    ]
  },
  "version": 1
}
