{
  "pins" : [
    {
      "identity" : "mappls-api-core-test",
      "kind" : "remoteSourceControl",
      "location" : "https://github.com/Siddharth-kushwaha/mappls-api-core-test.git",
      "state" : {
        "revision" : "81032e9f22227584edd1bd908e2f866bf1897250",
        "version" : "3.0.1"
      }
    }
  ],
  "version" : 2
}
